
Microsoft Visual Studio Solution File, Format Version 12.00
# Visual Studio Version 17
VisualStudioVersion = 17.7.34031.279
MinimumVisualStudioVersion = 10.0.40219.1
Project("{9A19103F-16F7-4668-BE54-9A1E7A4F7556}") = "MyFancyBankApi", "MyFancyBankApi\MyFancyBankApi.csproj", "{65B72B1D-711C-40B2-AA46-51C4F79E8B86}"
EndProject
Project("{9A19103F-16F7-4668-BE54-9A1E7A4F7556}") = "MyFancyBank.BusinessLogic", "MyFancyBank.BusinessLogic\MyFancyBank.BusinessLogic.csproj", "{8DBDD1E7-3576-440C-9FC3-FDFFD741E283}"
EndProject
Project("{9A19103F-16F7-4668-BE54-9A1E7A4F7556}") = "MyFancyBank.Data", "MyFancyBank.Data\MyFancyBank.Data.csproj", "{462E65EC-A23E-405C-B3CB-D8E7496A92AA}"
EndProject
Project("{FAE04EC0-301F-11D3-BF4B-00C04F79EFBC}") = "MyFancyBank.Tests", "MyFancyBank.Tests\MyFancyBank.Tests.csproj", "{3840672E-C112-4434-89AD-8069444A54E3}"
EndProject
Global
	GlobalSection(SolutionConfigurationPlatforms) = preSolution
		Debug|Any CPU = Debug|Any CPU
		Release|Any CPU = Release|Any CPU
	EndGlobalSection
	GlobalSection(ProjectConfigurationPlatforms) = postSolution
		{65B72B1D-711C-40B2-AA46-51C4F79E8B86}.Debug|Any CPU.ActiveCfg = Debug|Any CPU
		{65B72B1D-711C-40B2-AA46-51C4F79E8B86}.Debug|Any CPU.Build.0 = Debug|Any CPU
		{65B72B1D-711C-40B2-AA46-51C4F79E8B86}.Release|Any CPU.ActiveCfg = Release|Any CPU
		{65B72B1D-711C-40B2-AA46-51C4F79E8B86}.Release|Any CPU.Build.0 = Release|Any CPU
		{8DBDD1E7-3576-440C-9FC3-FDFFD741E283}.Debug|Any CPU.ActiveCfg = Debug|Any CPU
		{8DBDD1E7-3576-440C-9FC3-FDFFD741E283}.Debug|Any CPU.Build.0 = Debug|Any CPU
		{8DBDD1E7-3576-440C-9FC3-FDFFD741E283}.Release|Any CPU.ActiveCfg = Release|Any CPU
		{8DBDD1E7-3576-440C-9FC3-FDFFD741E283}.Release|Any CPU.Build.0 = Release|Any CPU
		{462E65EC-A23E-405C-B3CB-D8E7496A92AA}.Debug|Any CPU.ActiveCfg = Debug|Any CPU
		{462E65EC-A23E-405C-B3CB-D8E7496A92AA}.Debug|Any CPU.Build.0 = Debug|Any CPU
		{462E65EC-A23E-405C-B3CB-D8E7496A92AA}.Release|Any CPU.ActiveCfg = Release|Any CPU
		{462E65EC-A23E-405C-B3CB-D8E7496A92AA}.Release|Any CPU.Build.0 = Release|Any CPU
		{3840672E-C112-4434-89AD-8069444A54E3}.Debug|Any CPU.ActiveCfg = Debug|Any CPU
		{3840672E-C112-4434-89AD-8069444A54E3}.Debug|Any CPU.Build.0 = Debug|Any CPU
		{3840672E-C112-4434-89AD-8069444A54E3}.Release|Any CPU.ActiveCfg = Release|Any CPU
		{3840672E-C112-4434-89AD-8069444A54E3}.Release|Any CPU.Build.0 = Release|Any CPU
	EndGlobalSection
	GlobalSection(SolutionProperties) = preSolution
		HideSolutionNode = FALSE
	EndGlobalSection
	GlobalSection(ExtensibilityGlobals) = postSolution
		SolutionGuid = {F2065D20-B143-4596-9687-9CF09914AB2D}
	EndGlobalSection
EndGlobal
